
Microsoft Visual Studio Solution File, Format Version 12.00
# Visual Studio Version 17
VisualStudioVersion = 17.10.35013.160
MinimumVisualStudioVersion = 10.0.40219.1
Project("{FAE04EC0-301F-11D3-BF4B-00C04F79EFBC}") = "React.GoogleLogin", "React.GoogleLogin\React.GoogleLogin.csproj", "{B40A91FD-37B4-467C-9083-DC8FAE079592}"
EndProject
Global
	GlobalSection(SolutionConfigurationPlatforms) = preSolution
		Debug|Any CPU = Debug|Any CPU
		Release|Any CPU = Release|Any CPU
	EndGlobalSection
	GlobalSection(ProjectConfigurationPlatforms) = postSolution
		{B40A91FD-37B4-467C-9083-DC8FAE079592}.Debug|Any CPU.ActiveCfg = Debug|Any CPU
		{B40A91FD-37B4-467C-9083-DC8FAE079592}.Debug|Any CPU.Build.0 = Debug|Any CPU
		{B40A91FD-37B4-467C-9083-DC8FAE079592}.Release|Any CPU.ActiveCfg = Release|Any CPU
		{B40A91FD-37B4-467C-9083-DC8FAE079592}.Release|Any CPU.Build.0 = Release|Any CPU
	EndGlobalSection
	GlobalSection(SolutionProperties) = preSolution
		HideSolutionNode = FALSE
	EndGlobalSection
	GlobalSection(ExtensibilityGlobals) = postSolution
		SolutionGuid = {1BE7AB06-A0F4-4843-A6DF-C085E5135576}
	EndGlobalSection
EndGlobal
